<?xml version="1.0" encoding="utf-8"?>
<Project ToolsVersion="4.0" xmlns="http://schemas.microsoft.com/developer/msbuild/2003">
  <ItemGroup>
    <Filter Include="Source Files">
      <UniqueIdentifier>{4FC737F1-C7A5-4376-A066-2A32D752A2FF}</UniqueIdentifier>
      <Extensions>cpp;c;cc;cxx;c++;cppm;ixx;def;odl;idl;hpj;bat;asm;asmx</Extensions>
    </Filter>
    <Filter Include="Header Files">
      <UniqueIdentifier>{93995380-89BD-4b04-88EB-625FBE52EBFB}</UniqueIdentifier>
      <Extensions>h;hh;hpp;hxx;h++;hm;inl;inc;ipp;xsd</Extensions>
    </Filter>
    <Filter Include="Resource Files">
      <UniqueIdentifier>{67DA6AB6-F800-4c08-8B7A-83BB121AAD01}</UniqueIdentifier>
      <Extensions>rc;ico;cur;bmp;dlg;rc2;rct;bin;rgs;gif;jpg;jpeg;jpe;resx;tiff;tif;png;wav;mfcribbon-ms</Extensions>
    </Filter>
    <Filter Include="Data Structure">
      <UniqueIdentifier>{d1291412-77b1-436e-96aa-eda64b70ea76}</UniqueIdentifier>
    </Filter>
    <Filter Include="Menus">
      <UniqueIdentifier>{fec8a0ab-5e39-40b5-bbe5-16999580689b}</UniqueIdentifier>
    </Filter>
    <Filter Include="Manager">
      <UniqueIdentifier>{305b6ee7-f616-439a-bdce-0c532807803f}</UniqueIdentifier>
    </Filter>
  </ItemGroup>
  <ItemGroup>
    <ClCompile Include="Final_BTS.cpp">
      <Filter>Source Files</Filter>
    </ClCompile>
    <ClCompile Include="menu.cpp">
      <Filter>Source Files</Filter>
    </ClCompile>
    <ClCompile Include="menuOption.cpp">
      <Filter>Source Files</Filter>
    </ClCompile>
    <ClCompile Include="appMenu.cpp">
      <Filter>Menus</Filter>
    </ClCompile>
    <ClCompile Include="appManager.cpp">
      <Filter>Manager</Filter>
    </ClCompile>
    <ClCompile Include="contact.cpp">
      <Filter>Header Files</Filter>
    </ClCompile>
  </ItemGroup>
  <ItemGroup>
    <ClInclude Include="BST.h">
      <Filter>Data Structure</Filter>
    </ClInclude>
    <ClInclude Include="BT.h">
      <Filter>Data Structure</Filter>
    </ClInclude>
    <ClInclude Include="menu.h">
      <Filter>Header Files</Filter>
    </ClInclude>
    <ClInclude Include="menuOption.h">
      <Filter>Header Files</Filter>
    </ClInclude>
    <ClInclude Include="appMenu.h">
      <Filter>Menus</Filter>
    </ClInclude>
    <ClInclude Include="appManager.h">
      <Filter>Manager</Filter>
    </ClInclude>
    <ClInclude Include="contact.h">
      <Filter>Header Files</Filter>
    </ClInclude>
  </ItemGroup>
</Project>